
Microsoft Visual Studio Solution File, Format Version 12.00
# Visual Studio 15
VisualStudioVersion = 15.0.28010.2003
MinimumVisualStudioVersion = 10.0.40219.1
Project("{E24C65DC-7377-472B-9ABA-BC803B73C61A}") = "Project1", "Project1\", "{DA6C78A1-1364-4D35-9F67-17B0735AC7FB}"
	ProjectSection(WebsiteProperties) = preProject
		TargetFrameworkMoniker = ".NETFramework,Version%3Dv4.6.1"
		Debug.AspNetCompiler.VirtualPath = "/localhost_57226"
		Debug.AspNetCompiler.PhysicalPath = "Project1\"
		Debug.AspNetCompiler.TargetPath = "PrecompiledWeb\localhost_57226\"
		Debug.AspNetCompiler.Updateable = "true"
		Debug.AspNetCompiler.ForceOverwrite = "true"
		Debug.AspNetCompiler.FixedNames = "false"
		Debug.AspNetCompiler.Debug = "True"
		Release.AspNetCompiler.VirtualPath = "/localhost_57226"
		Release.AspNetCompiler.PhysicalPath = "Project1\"
		Release.AspNetCompiler.TargetPath = "PrecompiledWeb\localhost_57226\"
		Release.AspNetCompiler.Updateable = "true"
		Release.AspNetCompiler.ForceOverwrite = "true"
		Release.AspNetCompiler.FixedNames = "false"
		Release.AspNetCompiler.Debug = "False"
		VWDPort = "57226"
		SlnRelativePath = "Project1\"
		DefaultWebSiteLanguage = "Visual C#"
	EndProjectSection
EndProject
Global
	GlobalSection(SolutionConfigurationPlatforms) = preSolution
		Debug|Any CPU = Debug|Any CPU
	EndGlobalSection
	GlobalSection(ProjectConfigurationPlatforms) = postSolution
		{DA6C78A1-1364-4D35-9F67-17B0735AC7FB}.Debug|Any CPU.ActiveCfg = Debug|Any CPU
		{DA6C78A1-1364-4D35-9F67-17B0735AC7FB}.Debug|Any CPU.Build.0 = Debug|Any CPU
	EndGlobalSection
	GlobalSection(SolutionProperties) = preSolution
		HideSolutionNode = FALSE
	EndGlobalSection
	GlobalSection(ExtensibilityGlobals) = postSolution
		SolutionGuid = {7D95BD3D-0A0B-44BA-BA7C-50006D106DD0}
	EndGlobalSection
EndGlobal
